
Microsoft Visual Studio Solution File, Format Version 12.00
# Visual Studio Version 17
VisualStudioVersion = 17.2.32602.215
MinimumVisualStudioVersion = 10.0.40219.1
Project("{FAE04EC0-301F-11D3-BF4B-00C04F79EFBC}") = "SEND  EMAIL ON BOOKING ORDER", "SEND  EMAIL ON BOOKING ORDER.csproj", "{3553925B-B893-426D-BA9F-124EADEF4A32}"
EndProject
Global
	GlobalSection(SolutionConfigurationPlatforms) = preSolution
		Debug|Any CPU = Debug|Any CPU
		Release|Any CPU = Release|Any CPU
	EndGlobalSection
	GlobalSection(ProjectConfigurationPlatforms) = postSolution
		{3553925B-B893-426D-BA9F-124EADEF4A32}.Debug|Any CPU.ActiveCfg = Debug|Any CPU
		{3553925B-B893-426D-BA9F-124EADEF4A32}.Debug|Any CPU.Build.0 = Debug|Any CPU
		{3553925B-B893-426D-BA9F-124EADEF4A32}.Release|Any CPU.ActiveCfg = Release|Any CPU
		{3553925B-B893-426D-BA9F-124EADEF4A32}.Release|Any CPU.Build.0 = Release|Any CPU
	EndGlobalSection
	GlobalSection(SolutionProperties) = preSolution
		HideSolutionNode = FALSE
	EndGlobalSection
	GlobalSection(ExtensibilityGlobals) = postSolution
		SolutionGuid = {310B0B37-FB18-441D-94A9-2CCD6D9B0854}
	EndGlobalSection
EndGlobal
